
Microsoft Visual Studio Solution File, Format Version 12.00
# Visual Studio Version 16
VisualStudioVersion = 16.0.30907.101
MinimumVisualStudioVersion = 10.0.40219.1
Project("{FAE04EC0-301F-11D3-BF4B-00C04F79EFBC}") = "MISA.ESHOP.Api", "MISA.ESHOP.Api.csproj", "{B557D36B-AB55-48E2-8C22-E70CA5BD6384}"
	ProjectSection(ProjectDependencies) = postProject
		{82272F85-BCFE-4F74-A8E9-4FC62AF3D276} = {82272F85-BCFE-4F74-A8E9-4FC62AF3D276}
		{492707B6-FAC8-4782-82CC-F657200EF06E} = {492707B6-FAC8-4782-82CC-F657200EF06E}
		{D74134BA-5E68-4CEB-AE88-AF5EED3B1FD1} = {D74134BA-5E68-4CEB-AE88-AF5EED3B1FD1}
	EndProjectSection
EndProject
Project("{FAE04EC0-301F-11D3-BF4B-00C04F79EFBC}") = "MISA.ESHOP.BL", "..\MISA.ESHOP.BL\MISA.ESHOP.BL.csproj", "{82272F85-BCFE-4F74-A8E9-4FC62AF3D276}"
	ProjectSection(ProjectDependencies) = postProject
		{BDD1F48A-97AA-43D8-BE48-765F28EE0921} = {BDD1F48A-97AA-43D8-BE48-765F28EE0921}
		{492707B6-FAC8-4782-82CC-F657200EF06E} = {492707B6-FAC8-4782-82CC-F657200EF06E}
		{D74134BA-5E68-4CEB-AE88-AF5EED3B1FD1} = {D74134BA-5E68-4CEB-AE88-AF5EED3B1FD1}
	EndProjectSection
EndProject
Project("{FAE04EC0-301F-11D3-BF4B-00C04F79EFBC}") = "MISA.ESHOP.DL", "..\MISA.ESHOP.DL\MISA.ESHOP.DL.csproj", "{BDD1F48A-97AA-43D8-BE48-765F28EE0921}"
	ProjectSection(ProjectDependencies) = postProject
		{492707B6-FAC8-4782-82CC-F657200EF06E} = {492707B6-FAC8-4782-82CC-F657200EF06E}
		{D74134BA-5E68-4CEB-AE88-AF5EED3B1FD1} = {D74134BA-5E68-4CEB-AE88-AF5EED3B1FD1}
	EndProjectSection
EndProject
Project("{FAE04EC0-301F-11D3-BF4B-00C04F79EFBC}") = "MISA.ESHOP.Core", "..\MISA.ESHOP.Core\MISA.ESHOP.Core.csproj", "{D74134BA-5E68-4CEB-AE88-AF5EED3B1FD1}"
EndProject
Project("{FAE04EC0-301F-11D3-BF4B-00C04F79EFBC}") = "MISA.ESHOP.Model", "..\MISA.ESHOP.Model\MISA.ESHOP.Model.csproj", "{492707B6-FAC8-4782-82CC-F657200EF06E}"
	ProjectSection(ProjectDependencies) = postProject
		{D74134BA-5E68-4CEB-AE88-AF5EED3B1FD1} = {D74134BA-5E68-4CEB-AE88-AF5EED3B1FD1}
	EndProjectSection
EndProject
Project("{2150E333-8FDC-42A3-9474-1A3956D46DE8}") = "Common", "Common", "{2A5144B4-D2B7-4D0A-B284-43F620BAFD94}"
EndProject
Global
	GlobalSection(SolutionConfigurationPlatforms) = preSolution
		Debug|Any CPU = Debug|Any CPU
		Release|Any CPU = Release|Any CPU
	EndGlobalSection
	GlobalSection(ProjectConfigurationPlatforms) = postSolution
		{B557D36B-AB55-48E2-8C22-E70CA5BD6384}.Debug|Any CPU.ActiveCfg = Debug|Any CPU
		{B557D36B-AB55-48E2-8C22-E70CA5BD6384}.Debug|Any CPU.Build.0 = Debug|Any CPU
		{B557D36B-AB55-48E2-8C22-E70CA5BD6384}.Release|Any CPU.ActiveCfg = Release|Any CPU
		{B557D36B-AB55-48E2-8C22-E70CA5BD6384}.Release|Any CPU.Build.0 = Release|Any CPU
		{82272F85-BCFE-4F74-A8E9-4FC62AF3D276}.Debug|Any CPU.ActiveCfg = Debug|Any CPU
		{82272F85-BCFE-4F74-A8E9-4FC62AF3D276}.Debug|Any CPU.Build.0 = Debug|Any CPU
		{82272F85-BCFE-4F74-A8E9-4FC62AF3D276}.Release|Any CPU.ActiveCfg = Release|Any CPU
		{82272F85-BCFE-4F74-A8E9-4FC62AF3D276}.Release|Any CPU.Build.0 = Release|Any CPU
		{BDD1F48A-97AA-43D8-BE48-765F28EE0921}.Debug|Any CPU.ActiveCfg = Debug|Any CPU
		{BDD1F48A-97AA-43D8-BE48-765F28EE0921}.Debug|Any CPU.Build.0 = Debug|Any CPU
		{BDD1F48A-97AA-43D8-BE48-765F28EE0921}.Release|Any CPU.ActiveCfg = Release|Any CPU
		{BDD1F48A-97AA-43D8-BE48-765F28EE0921}.Release|Any CPU.Build.0 = Release|Any CPU
		{D74134BA-5E68-4CEB-AE88-AF5EED3B1FD1}.Debug|Any CPU.ActiveCfg = Debug|Any CPU
		{D74134BA-5E68-4CEB-AE88-AF5EED3B1FD1}.Debug|Any CPU.Build.0 = Debug|Any CPU
		{D74134BA-5E68-4CEB-AE88-AF5EED3B1FD1}.Release|Any CPU.ActiveCfg = Release|Any CPU
		{D74134BA-5E68-4CEB-AE88-AF5EED3B1FD1}.Release|Any CPU.Build.0 = Release|Any CPU
		{492707B6-FAC8-4782-82CC-F657200EF06E}.Debug|Any CPU.ActiveCfg = Debug|Any CPU
		{492707B6-FAC8-4782-82CC-F657200EF06E}.Debug|Any CPU.Build.0 = Debug|Any CPU
		{492707B6-FAC8-4782-82CC-F657200EF06E}.Release|Any CPU.ActiveCfg = Release|Any CPU
		{492707B6-FAC8-4782-82CC-F657200EF06E}.Release|Any CPU.Build.0 = Release|Any CPU
	EndGlobalSection
	GlobalSection(SolutionProperties) = preSolution
		HideSolutionNode = FALSE
	EndGlobalSection
	GlobalSection(NestedProjects) = preSolution
		{82272F85-BCFE-4F74-A8E9-4FC62AF3D276} = {2A5144B4-D2B7-4D0A-B284-43F620BAFD94}
		{BDD1F48A-97AA-43D8-BE48-765F28EE0921} = {2A5144B4-D2B7-4D0A-B284-43F620BAFD94}
		{D74134BA-5E68-4CEB-AE88-AF5EED3B1FD1} = {2A5144B4-D2B7-4D0A-B284-43F620BAFD94}
		{492707B6-FAC8-4782-82CC-F657200EF06E} = {2A5144B4-D2B7-4D0A-B284-43F620BAFD94}
	EndGlobalSection
	GlobalSection(ExtensibilityGlobals) = postSolution
		SolutionGuid = {8E15CCFC-28F6-4394-9813-2928435CC91F}
	EndGlobalSection
EndGlobal
